
Microsoft Visual Studio Solution File, Format Version 12.00
# Visual Studio 15
VisualStudioVersion = 15.0.28010.2050
MinimumVisualStudioVersion = 10.0.40219.1
Project("{8BC9CEB8-8B4A-11D0-8D11-00A0C91BC942}") = "ChatClient", "ChatClient\ChatClient.vcxproj", "{32F3F3B6-2139-450B-8D48-D4C4E22D87DF}"
EndProject
Global
	GlobalSection(SolutionConfigurationPlatforms) = preSolution
		Debug|x64 = Debug|x64
		Debug|x86 = Debug|x86
		Release|x64 = Release|x64
		Release|x86 = Release|x86
	EndGlobalSection
	GlobalSection(ProjectConfigurationPlatforms) = postSolution
		{32F3F3B6-2139-450B-8D48-D4C4E22D87DF}.Debug|x64.ActiveCfg = Debug|x64
		{32F3F3B6-2139-450B-8D48-D4C4E22D87DF}.Debug|x64.Build.0 = Debug|x64
		{32F3F3B6-2139-450B-8D48-D4C4E22D87DF}.Debug|x86.ActiveCfg = Debug|Win32
		{32F3F3B6-2139-450B-8D48-D4C4E22D87DF}.Debug|x86.Build.0 = Debug|Win32
		{32F3F3B6-2139-450B-8D48-D4C4E22D87DF}.Release|x64.ActiveCfg = Release|x64
		{32F3F3B6-2139-450B-8D48-D4C4E22D87DF}.Release|x64.Build.0 = Release|x64
		{32F3F3B6-2139-450B-8D48-D4C4E22D87DF}.Release|x86.ActiveCfg = Release|Win32
		{32F3F3B6-2139-450B-8D48-D4C4E22D87DF}.Release|x86.Build.0 = Release|Win32
	EndGlobalSection
	GlobalSection(SolutionProperties) = preSolution
		HideSolutionNode = FALSE
	EndGlobalSection
	GlobalSection(ExtensibilityGlobals) = postSolution
		SolutionGuid = {8E83679F-82E9-4785-847A-A972F3303253}
	EndGlobalSection
EndGlobal
